
Microsoft Visual Studio Solution File, Format Version 12.00
# Visual Studio Version 17
VisualStudioVersion = 17.1.32210.238
MinimumVisualStudioVersion = 10.0.40219.1
Project("{9A19103F-16F7-4668-BE54-9A1E7A4F7556}") = "MarketAPI", "MarketAPI\MarketAPI.csproj", "{2DC73451-6BDF-443F-B0A4-9C1E0089E4CC}"
EndProject
Global
	GlobalSection(SolutionConfigurationPlatforms) = preSolution
		Debug|Any CPU = Debug|Any CPU
		Release|Any CPU = Release|Any CPU
	EndGlobalSection
	GlobalSection(ProjectConfigurationPlatforms) = postSolution
		{2DC73451-6BDF-443F-B0A4-9C1E0089E4CC}.Debug|Any CPU.ActiveCfg = Debug|Any CPU
		{2DC73451-6BDF-443F-B0A4-9C1E0089E4CC}.Debug|Any CPU.Build.0 = Debug|Any CPU
		{2DC73451-6BDF-443F-B0A4-9C1E0089E4CC}.Release|Any CPU.ActiveCfg = Release|Any CPU
		{2DC73451-6BDF-443F-B0A4-9C1E0089E4CC}.Release|Any CPU.Build.0 = Release|Any CPU
	EndGlobalSection
	GlobalSection(SolutionProperties) = preSolution
		HideSolutionNode = FALSE
	EndGlobalSection
	GlobalSection(ExtensibilityGlobals) = postSolution
		SolutionGuid = {E7F5549F-9266-4A7B-950A-2F276CC4C45A}
	EndGlobalSection
EndGlobal
